// !$*UTF8*$!
{
	archiveVersion = 1;
	classes = {
	};
	objectVersion = 56;
	objects = {

/* Begin PBXBuildFile section */
		BB24F1E129C492C00030E57B /* LanguageColor.swift in Sources */ = {isa = PBXBuildFile; fileRef = BB24F1E029C492C00030E57B /* LanguageColor.swift */; };
		BB24F1E929C4BEEA0030E57B /* FakeDispatchGroup.swift in Sources */ = {isa = PBXBuildFile; fileRef = BB24F1E829C4BEEA0030E57B /* FakeDispatchGroup.swift */; };
		BB3C8A7829C346BA0096B9C5 /* SwifterSwift in Frameworks */ = {isa = PBXBuildFile; productRef = BB3C8A7729C346BA0096B9C5 /* SwifterSwift */; };
		BB5BCC622971711900FEB7E0 /* TrendingRepositoriesService.swift in Sources */ = {isa = PBXBuildFile; fileRef = BB5BCC612971711900FEB7E0 /* TrendingRepositoriesService.swift */; };
		BB5BCC6A297193B700FEB7E0 /* Lottie in Frameworks */ = {isa = PBXBuildFile; productRef = BB5BCC69297193B700FEB7E0 /* Lottie */; };
		BB5BCC6E2971953A00FEB7E0 /* retry.json in Resources */ = {isa = PBXBuildFile; fileRef = BB5BCC6D2971953A00FEB7E0 /* retry.json */; };
		BB5BCC79297195B000FEB7E0 /* NetworkManager.swift in Sources */ = {isa = PBXBuildFile; fileRef = BB5BCC71297195B000FEB7E0 /* NetworkManager.swift */; };
		BB5BCC7B297195B000FEB7E0 /* UIView+Styling.swift in Sources */ = {isa = PBXBuildFile; fileRef = BB5BCC74297195B000FEB7E0 /* UIView+Styling.swift */; };
		BB5BCC7D297195B000FEB7E0 /* UIImageView+ImageLoading.swift in Sources */ = {isa = PBXBuildFile; fileRef = BB5BCC76297195B000FEB7E0 /* UIImageView+ImageLoading.swift */; };
		BB5BCC8B2971A66200FEB7E0 /* TrendingRepositoriesViewController.xib in Resources */ = {isa = PBXBuildFile; fileRef = BB5BCC8A2971A66200FEB7E0 /* TrendingRepositoriesViewController.xib */; };
		BB5BCC8D2971AD3200FEB7E0 /* UIButton+Styling.swift in Sources */ = {isa = PBXBuildFile; fileRef = BB5BCC8C2971AD3200FEB7E0 /* UIButton+Styling.swift */; };
		BB5BCC8F2971BB5000FEB7E0 /* TrendingRepositoryShimmerTableViewCell.swift in Sources */ = {isa = PBXBuildFile; fileRef = BB5BCC8E2971BB5000FEB7E0 /* TrendingRepositoryShimmerTableViewCell.swift */; };
		BB5BCC912971BB8300FEB7E0 /* TrendingRepositoryShimmerTableViewCell.xib in Resources */ = {isa = PBXBuildFile; fileRef = BB5BCC902971BB8300FEB7E0 /* TrendingRepositoryShimmerTableViewCell.xib */; };
		BB7C113229BA872D00CDF578 /* AlamofireNetworkActivityLogger in Frameworks */ = {isa = PBXBuildFile; productRef = BB7C113129BA872D00CDF578 /* AlamofireNetworkActivityLogger */; };
		BB7C113429BA995F00CDF578 /* RoutingManager.swift in Sources */ = {isa = PBXBuildFile; fileRef = BB7C113329BA995F00CDF578 /* RoutingManager.swift */; };
		BB7E5E5D296EDF6700542C26 /* AppDelegate.swift in Sources */ = {isa = PBXBuildFile; fileRef = BB7E5E5C296EDF6700542C26 /* AppDelegate.swift */; };
		BB7E5E5F296EDF6700542C26 /* SceneDelegate.swift in Sources */ = {isa = PBXBuildFile; fileRef = BB7E5E5E296EDF6700542C26 /* SceneDelegate.swift */; };
		BB7E5E90296EEBDB00542C26 /* Assets.xcassets in Resources */ = {isa = PBXBuildFile; fileRef = BB7E5E8D296EEBDB00542C26 /* Assets.xcassets */; };
		BB7E5E91296EEBDB00542C26 /* LaunchScreen.storyboard in Resources */ = {isa = PBXBuildFile; fileRef = BB7E5E8E296EEBDB00542C26 /* LaunchScreen.storyboard */; };
		BB7E5E98296EFCAD00542C26 /* TrendingRepositoriesViewModel.swift in Sources */ = {isa = PBXBuildFile; fileRef = BB7E5E97296EFCAD00542C26 /* TrendingRepositoriesViewModel.swift */; };
		BB7E5E9A296F11F200542C26 /* TrendingRepositoriesViewController.swift in Sources */ = {isa = PBXBuildFile; fileRef = BB7E5E99296F11F200542C26 /* TrendingRepositoriesViewController.swift */; };
		BB7E5E9D296F159F00542C26 /* TrendingRepositoryPresentation.swift in Sources */ = {isa = PBXBuildFile; fileRef = BB7E5E9C296F159F00542C26 /* TrendingRepositoryPresentation.swift */; };
		BB7E5EA2296F1CE500542C26 /* Localizable.strings in Resources */ = {isa = PBXBuildFile; fileRef = BB7E5EA4296F1CE500542C26 /* Localizable.strings */; };
		BB87947029C7902F001150BE /* Kingfisher in Frameworks */ = {isa = PBXBuildFile; productRef = BB87946F29C7902F001150BE /* Kingfisher */; };
		BB87A42329C9E22400DB754B /* DispatchGroupProtocol.swift in Sources */ = {isa = PBXBuildFile; fileRef = BB87A42129C9E22400DB754B /* DispatchGroupProtocol.swift */; };
		BB87A42429C9E22400DB754B /* Endpoint.swift in Sources */ = {isa = PBXBuildFile; fileRef = BB87A42229C9E22400DB754B /* Endpoint.swift */; };
		BB881E2D29C1E7B5003342C4 /* TrendingRepositoriesRouter.swift in Sources */ = {isa = PBXBuildFile; fileRef = BB881E2C29C1E7B5003342C4 /* TrendingRepositoriesRouter.swift */; };
		BB881E2F29C1EC84003342C4 /* TrendingRepositoriesFakeRouter.swift in Sources */ = {isa = PBXBuildFile; fileRef = BB881E2E29C1EC84003342C4 /* TrendingRepositoriesFakeRouter.swift */; };
		BBB2B58F29C36F3600B83062 /* UIViewController+ActionSheet.swift in Sources */ = {isa = PBXBuildFile; fileRef = BBB2B58E29C36F3600B83062 /* UIViewController+ActionSheet.swift */; };
		BBD6CC2F29B6502800CE3A82 /* TrendingRepositoriesViewModelTests.swift in Sources */ = {isa = PBXBuildFile; fileRef = BBD6CC2D29B6502800CE3A82 /* TrendingRepositoriesViewModelTests.swift */; };
		BBD6CC3029B6502800CE3A82 /* TrendingRepositoriesFakeService.swift in Sources */ = {isa = PBXBuildFile; fileRef = BBD6CC2E29B6502800CE3A82 /* TrendingRepositoriesFakeService.swift */; };
		BBD79232297038C60090C578 /* TrendingRepositoryTableViewCell.swift in Sources */ = {isa = PBXBuildFile; fileRef = BBD79231297038C60090C578 /* TrendingRepositoryTableViewCell.swift */; };
		BBD7923829703A170090C578 /* TrendingRepositoryTableViewCell.xib in Resources */ = {isa = PBXBuildFile; fileRef = BBD7923729703A170090C578 /* TrendingRepositoryTableViewCell.xib */; };
		BBD792412970B94F0090C578 /* TrendingRepositoriesResponse.swift in Sources */ = {isa = PBXBuildFile; fileRef = BBD792402970B94F0090C578 /* TrendingRepositoriesResponse.swift */; };
		BBFF7765298D70AB00E8AECC /* Alamofire in Frameworks */ = {isa = PBXBuildFile; productRef = BBFF7764298D70AB00E8AECC /* Alamofire */; };
/* End PBXBuildFile section */

/* Begin PBXContainerItemProxy section */
		BB7E5E70296EDF6900542C26 /* PBXContainerItemProxy */ = {
			isa = PBXContainerItemProxy;
			containerPortal = BB7E5E51296EDF6700542C26 /* Project object */;
			proxyType = 1;
			remoteGlobalIDString = BB7E5E58296EDF6700542C26;
			remoteInfo = TrendingRepositories;
		};
/* End PBXContainerItemProxy section */

/* Begin PBXFileReference section */
		BB24F1E029C492C00030E57B /* LanguageColor.swift */ = {isa = PBXFileReference; lastKnownFileType = sourcecode.swift; path = LanguageColor.swift; sourceTree = "<group>"; };
		BB24F1E829C4BEEA0030E57B /* FakeDispatchGroup.swift */ = {isa = PBXFileReference; fileEncoding = 4; lastKnownFileType = sourcecode.swift; path = FakeDispatchGroup.swift; sourceTree = "<group>"; };
		BB5BCC612971711900FEB7E0 /* TrendingRepositoriesService.swift */ = {isa = PBXFileReference; lastKnownFileType = sourcecode.swift; path = TrendingRepositoriesService.swift; sourceTree = "<group>"; };
		BB5BCC6D2971953A00FEB7E0 /* retry.json */ = {isa = PBXFileReference; fileEncoding = 4; lastKnownFileType = text.json; path = retry.json; sourceTree = "<group>"; };
		BB5BCC71297195B000FEB7E0 /* NetworkManager.swift */ = {isa = PBXFileReference; fileEncoding = 4; lastKnownFileType = sourcecode.swift; path = NetworkManager.swift; sourceTree = "<group>"; };
		BB5BCC74297195B000FEB7E0 /* UIView+Styling.swift */ = {isa = PBXFileReference; fileEncoding = 4; lastKnownFileType = sourcecode.swift; path = "UIView+Styling.swift"; sourceTree = "<group>"; };
		BB5BCC76297195B000FEB7E0 /* UIImageView+ImageLoading.swift */ = {isa = PBXFileReference; fileEncoding = 4; lastKnownFileType = sourcecode.swift; path = "UIImageView+ImageLoading.swift"; sourceTree = "<group>"; };
		BB5BCC8A2971A66200FEB7E0 /* TrendingRepositoriesViewController.xib */ = {isa = PBXFileReference; lastKnownFileType = file.xib; path = TrendingRepositoriesViewController.xib; sourceTree = "<group>"; };
		BB5BCC8C2971AD3200FEB7E0 /* UIButton+Styling.swift */ = {isa = PBXFileReference; lastKnownFileType = sourcecode.swift; path = "UIButton+Styling.swift"; sourceTree = "<group>"; };
		BB5BCC8E2971BB5000FEB7E0 /* TrendingRepositoryShimmerTableViewCell.swift */ = {isa = PBXFileReference; lastKnownFileType = sourcecode.swift; path = TrendingRepositoryShimmerTableViewCell.swift; sourceTree = "<group>"; };
		BB5BCC902971BB8300FEB7E0 /* TrendingRepositoryShimmerTableViewCell.xib */ = {isa = PBXFileReference; fileEncoding = 4; lastKnownFileType = file.xib; path = TrendingRepositoryShimmerTableViewCell.xib; sourceTree = "<group>"; };
		BB7C113329BA995F00CDF578 /* RoutingManager.swift */ = {isa = PBXFileReference; lastKnownFileType = sourcecode.swift; path = RoutingManager.swift; sourceTree = "<group>"; };
		BB7E5E59296EDF6700542C26 /* TrendingRepositories.app */ = {isa = PBXFileReference; explicitFileType = wrapper.application; includeInIndex = 0; path = TrendingRepositories.app; sourceTree = BUILT_PRODUCTS_DIR; };
		BB7E5E5C296EDF6700542C26 /* AppDelegate.swift */ = {isa = PBXFileReference; lastKnownFileType = sourcecode.swift; path = AppDelegate.swift; sourceTree = "<group>"; };
		BB7E5E5E296EDF6700542C26 /* SceneDelegate.swift */ = {isa = PBXFileReference; lastKnownFileType = sourcecode.swift; path = SceneDelegate.swift; sourceTree = "<group>"; };
		BB7E5E6F296EDF6900542C26 /* TrendingRepositoriesTests.xctest */ = {isa = PBXFileReference; explicitFileType = wrapper.cfbundle; includeInIndex = 0; path = TrendingRepositoriesTests.xctest; sourceTree = BUILT_PRODUCTS_DIR; };
		BB7E5E8D296EEBDB00542C26 /* Assets.xcassets */ = {isa = PBXFileReference; lastKnownFileType = folder.assetcatalog; path = Assets.xcassets; sourceTree = "<group>"; };
		BB7E5E93296EEC0900542C26 /* TrendingRepositories-Info.plist */ = {isa = PBXFileReference; fileEncoding = 4; lastKnownFileType = text.plist.xml; path = "TrendingRepositories-Info.plist"; sourceTree = "<group>"; };
		BB7E5E97296EFCAD00542C26 /* TrendingRepositoriesViewModel.swift */ = {isa = PBXFileReference; lastKnownFileType = sourcecode.swift; path = TrendingRepositoriesViewModel.swift; sourceTree = "<group>"; };
		BB7E5E99296F11F200542C26 /* TrendingRepositoriesViewController.swift */ = {isa = PBXFileReference; fileEncoding = 4; lastKnownFileType = sourcecode.swift; path = TrendingRepositoriesViewController.swift; sourceTree = "<group>"; };
		BB7E5E9C296F159F00542C26 /* TrendingRepositoryPresentation.swift */ = {isa = PBXFileReference; lastKnownFileType = sourcecode.swift; path = TrendingRepositoryPresentation.swift; sourceTree = "<group>"; };
		BB7E5E9F296F1C8F00542C26 /* Base */ = {isa = PBXFileReference; lastKnownFileType = file.storyboard; name = Base; path = Base.lproj/LaunchScreen.storyboard; sourceTree = "<group>"; };
		BB7E5EA3296F1CE500542C26 /* en */ = {isa = PBXFileReference; lastKnownFileType = text.plist.strings; name = en; path = en.lproj/Localizable.strings; sourceTree = "<group>"; };
		BB7E5EA5296F1CFA00542C26 /* tr */ = {isa = PBXFileReference; lastKnownFileType = text.plist.strings; name = tr; path = tr.lproj/Localizable.strings; sourceTree = "<group>"; };
		BB87A42129C9E22400DB754B /* DispatchGroupProtocol.swift */ = {isa = PBXFileReference; fileEncoding = 4; lastKnownFileType = sourcecode.swift; path = DispatchGroupProtocol.swift; sourceTree = "<group>"; };
		BB87A42229C9E22400DB754B /* Endpoint.swift */ = {isa = PBXFileReference; fileEncoding = 4; lastKnownFileType = sourcecode.swift; path = Endpoint.swift; sourceTree = "<group>"; };
		BB881E2C29C1E7B5003342C4 /* TrendingRepositoriesRouter.swift */ = {isa = PBXFileReference; lastKnownFileType = sourcecode.swift; path = TrendingRepositoriesRouter.swift; sourceTree = "<group>"; };
		BB881E2E29C1EC84003342C4 /* TrendingRepositoriesFakeRouter.swift */ = {isa = PBXFileReference; lastKnownFileType = sourcecode.swift; path = TrendingRepositoriesFakeRouter.swift; sourceTree = "<group>"; };
		BBB2B58E29C36F3600B83062 /* UIViewController+ActionSheet.swift */ = {isa = PBXFileReference; lastKnownFileType = sourcecode.swift; path = "UIViewController+ActionSheet.swift"; sourceTree = "<group>"; };
		BBD6CC2D29B6502800CE3A82 /* TrendingRepositoriesViewModelTests.swift */ = {isa = PBXFileReference; fileEncoding = 4; lastKnownFileType = sourcecode.swift; path = TrendingRepositoriesViewModelTests.swift; sourceTree = "<group>"; };
		BBD6CC2E29B6502800CE3A82 /* TrendingRepositoriesFakeService.swift */ = {isa = PBXFileReference; fileEncoding = 4; lastKnownFileType = sourcecode.swift; path = TrendingRepositoriesFakeService.swift; sourceTree = "<group>"; };
		BBD79231297038C60090C578 /* TrendingRepositoryTableViewCell.swift */ = {isa = PBXFileReference; lastKnownFileType = sourcecode.swift; path = TrendingRepositoryTableViewCell.swift; sourceTree = "<group>"; };
		BBD7923729703A170090C578 /* TrendingRepositoryTableViewCell.xib */ = {isa = PBXFileReference; lastKnownFileType = file.xib; path = TrendingRepositoryTableViewCell.xib; sourceTree = "<group>"; };
		BBD792402970B94F0090C578 /* TrendingRepositoriesResponse.swift */ = {isa = PBXFileReference; lastKnownFileType = sourcecode.swift; path = TrendingRepositoriesResponse.swift; sourceTree = "<group>"; };
/* End PBXFileReference section */

/* Begin PBXFrameworksBuildPhase section */
		BB7E5E56296EDF6700542C26 /* Frameworks */ = {
			isa = PBXFrameworksBuildPhase;
			buildActionMask = 2147483647;
			files = (
				BB87947029C7902F001150BE /* Kingfisher in Frameworks */,
				BBFF7765298D70AB00E8AECC /* Alamofire in Frameworks */,
				BB7C113229BA872D00CDF578 /* AlamofireNetworkActivityLogger in Frameworks */,
				BB3C8A7829C346BA0096B9C5 /* SwifterSwift in Frameworks */,
				BB5BCC6A297193B700FEB7E0 /* Lottie in Frameworks */,
			);
			runOnlyForDeploymentPostprocessing = 0;
		};
		BB7E5E6C296EDF6900542C26 /* Frameworks */ = {
			isa = PBXFrameworksBuildPhase;
			buildActionMask = 2147483647;
			files = (
			);
			runOnlyForDeploymentPostprocessing = 0;
		};
/* End PBXFrameworksBuildPhase section */

/* Begin PBXGroup section */
		BB24F1E729C4BEEA0030E57B /* Common */ = {
			isa = PBXGroup;
			children = (
				BB24F1E829C4BEEA0030E57B /* FakeDispatchGroup.swift */,
			);
			path = Common;
			sourceTree = "<group>";
		};
		BB5BCC6F297195B000FEB7E0 /* Common */ = {
			isa = PBXGroup;
			children = (
				BB87A42129C9E22400DB754B /* DispatchGroupProtocol.swift */,
				BB87A42229C9E22400DB754B /* Endpoint.swift */,
				BB5BCC72297195B000FEB7E0 /* Extensions */,
				BB5BCC70297195B000FEB7E0 /* Managers */,
			);
			path = Common;
			sourceTree = "<group>";
		};
		BB5BCC70297195B000FEB7E0 /* Managers */ = {
			isa = PBXGroup;
			children = (
				BB5BCC71297195B000FEB7E0 /* NetworkManager.swift */,
				BB7C113329BA995F00CDF578 /* RoutingManager.swift */,
			);
			path = Managers;
			sourceTree = "<group>";
		};
		BB5BCC72297195B000FEB7E0 /* Extensions */ = {
			isa = PBXGroup;
			children = (
				BB5BCC8C2971AD3200FEB7E0 /* UIButton+Styling.swift */,
				BB5BCC76297195B000FEB7E0 /* UIImageView+ImageLoading.swift */,
				BB5BCC74297195B000FEB7E0 /* UIView+Styling.swift */,
				BBB2B58E29C36F3600B83062 /* UIViewController+ActionSheet.swift */,
			);
			path = Extensions;
			sourceTree = "<group>";
		};
		BB5BCC952971CC6800FEB7E0 /* Frameworks */ = {
			isa = PBXGroup;
			children = (
			);
			name = Frameworks;
			sourceTree = "<group>";
		};
		BB7E5E50296EDF6700542C26 = {
			isa = PBXGroup;
			children = (
				BB7E5E5B296EDF6700542C26 /* TrendingRepositories */,
				BB7E5E72296EDF6900542C26 /* TrendingRepositoriesTests */,
				BB7E5E5A296EDF6700542C26 /* Products */,
				BB5BCC952971CC6800FEB7E0 /* Frameworks */,
			);
			sourceTree = "<group>";
		};
		BB7E5E5A296EDF6700542C26 /* Products */ = {
			isa = PBXGroup;
			children = (
				BB7E5E59296EDF6700542C26 /* TrendingRepositories.app */,
				BB7E5E6F296EDF6900542C26 /* TrendingRepositoriesTests.xctest */,
			);
			name = Products;
			sourceTree = "<group>";
		};
		BB7E5E5B296EDF6700542C26 /* TrendingRepositories */ = {
			isa = PBXGroup;
			children = (
				BB7E5E5C296EDF6700542C26 /* AppDelegate.swift */,
				BB7E5E5E296EDF6700542C26 /* SceneDelegate.swift */,
				BB5BCC6F297195B000FEB7E0 /* Common */,
				BB7E5E95296EFC9900542C26 /* Features */,
				BB7E5E8C296EEBDB00542C26 /* Resources */,
				BB7E5E92296EEC0900542C26 /* SupportingFiles */,
			);
			path = TrendingRepositories;
			sourceTree = "<group>";
		};
		BB7E5E72296EDF6900542C26 /* TrendingRepositoriesTests */ = {
			isa = PBXGroup;
			children = (
				BB24F1E729C4BEEA0030E57B /* Common */,
				BBD6CC2B29B6502800CE3A82 /* Features */,
			);
			path = TrendingRepositoriesTests;
			sourceTree = "<group>";
		};
		BB7E5E8C296EEBDB00542C26 /* Resources */ = {
			isa = PBXGroup;
			children = (
				BB5BCC6D2971953A00FEB7E0 /* retry.json */,
				BB7E5E8D296EEBDB00542C26 /* Assets.xcassets */,
				BB7E5E8E296EEBDB00542C26 /* LaunchScreen.storyboard */,
				BB7E5EA4296F1CE500542C26 /* Localizable.strings */,
			);
			path = Resources;
			sourceTree = "<group>";
		};
		BB7E5E92296EEC0900542C26 /* SupportingFiles */ = {
			isa = PBXGroup;
			children = (
				BB7E5E93296EEC0900542C26 /* TrendingRepositories-Info.plist */,
			);
			path = SupportingFiles;
			sourceTree = "<group>";
		};
		BB7E5E95296EFC9900542C26 /* Features */ = {
			isa = PBXGroup;
			children = (
				BB7E5E96296EFC9900542C26 /* TrendingRepositories */,
			);
			path = Features;
			sourceTree = "<group>";
		};
		BB7E5E96296EFC9900542C26 /* TrendingRepositories */ = {
			isa = PBXGroup;
			children = (
				BB24F1E029C492C00030E57B /* LanguageColor.swift */,
				BBD792402970B94F0090C578 /* TrendingRepositoriesResponse.swift */,
				BB881E2C29C1E7B5003342C4 /* TrendingRepositoriesRouter.swift */,
				BB5BCC612971711900FEB7E0 /* TrendingRepositoriesService.swift */,
				BB7E5E99296F11F200542C26 /* TrendingRepositoriesViewController.swift */,
				BB5BCC8A2971A66200FEB7E0 /* TrendingRepositoriesViewController.xib */,
				BB7E5E97296EFCAD00542C26 /* TrendingRepositoriesViewModel.swift */,
				BB7E5E9C296F159F00542C26 /* TrendingRepositoryPresentation.swift */,
				BB5BCC8E2971BB5000FEB7E0 /* TrendingRepositoryShimmerTableViewCell.swift */,
				BB5BCC902971BB8300FEB7E0 /* TrendingRepositoryShimmerTableViewCell.xib */,
				BBD79231297038C60090C578 /* TrendingRepositoryTableViewCell.swift */,
				BBD7923729703A170090C578 /* TrendingRepositoryTableViewCell.xib */,
			);
			path = TrendingRepositories;
			sourceTree = "<group>";
		};
		BBD6CC2B29B6502800CE3A82 /* Features */ = {
			isa = PBXGroup;
			children = (
				BBD6CC2C29B6502800CE3A82 /* TrendingRepository */,
			);
			path = Features;
			sourceTree = "<group>";
		};
		BBD6CC2C29B6502800CE3A82 /* TrendingRepository */ = {
			isa = PBXGroup;
			children = (
				BB881E2E29C1EC84003342C4 /* TrendingRepositoriesFakeRouter.swift */,
				BBD6CC2E29B6502800CE3A82 /* TrendingRepositoriesFakeService.swift */,
				BBD6CC2D29B6502800CE3A82 /* TrendingRepositoriesViewModelTests.swift */,
			);
			path = TrendingRepository;
			sourceTree = "<group>";
		};
/* End PBXGroup section */

/* Begin PBXNativeTarget section */
		BB7E5E58296EDF6700542C26 /* TrendingRepositories */ = {
			isa = PBXNativeTarget;
			buildConfigurationList = BB7E5E83296EDF6900542C26 /* Build configuration list for PBXNativeTarget "TrendingRepositories" */;
			buildPhases = (
				BB7E5E55296EDF6700542C26 /* Sources */,
				BB7E5E56296EDF6700542C26 /* Frameworks */,
				BB7E5E57296EDF6700542C26 /* Resources */,
			);
			buildRules = (
			);
			dependencies = (
			);
			name = TrendingRepositories;
			packageProductDependencies = (
				BB5BCC69297193B700FEB7E0 /* Lottie */,
				BBFF7764298D70AB00E8AECC /* Alamofire */,
				BB7C113129BA872D00CDF578 /* AlamofireNetworkActivityLogger */,
				BB3C8A7729C346BA0096B9C5 /* SwifterSwift */,
				BB87946F29C7902F001150BE /* Kingfisher */,
			);
			productName = TrendingRepositories;
			productReference = BB7E5E59296EDF6700542C26 /* TrendingRepositories.app */;
			productType = "com.apple.product-type.application";
		};
		BB7E5E6E296EDF6900542C26 /* TrendingRepositoriesTests */ = {
			isa = PBXNativeTarget;
			buildConfigurationList = BB7E5E86296EDF6900542C26 /* Build configuration list for PBXNativeTarget "TrendingRepositoriesTests" */;
			buildPhases = (
				BB7E5E6B296EDF6900542C26 /* Sources */,
				BB7E5E6C296EDF6900542C26 /* Frameworks */,
				BB7E5E6D296EDF6900542C26 /* Resources */,
			);
			buildRules = (
			);
			dependencies = (
				BB7E5E71296EDF6900542C26 /* PBXTargetDependency */,
			);
			name = TrendingRepositoriesTests;
			packageProductDependencies = (
			);
			productName = TrendingRepositoriesTests;
			productReference = BB7E5E6F296EDF6900542C26 /* TrendingRepositoriesTests.xctest */;
			productType = "com.apple.product-type.bundle.unit-test";
		};
/* End PBXNativeTarget section */

/* Begin PBXProject section */
		BB7E5E51296EDF6700542C26 /* Project object */ = {
			isa = PBXProject;
			attributes = {
				BuildIndependentTargetsInParallel = 1;
				LastSwiftUpdateCheck = 1420;
				LastUpgradeCheck = 1420;
				TargetAttributes = {
					BB7E5E58296EDF6700542C26 = {
						CreatedOnToolsVersion = 14.2;
					};
					BB7E5E6E296EDF6900542C26 = {
						CreatedOnToolsVersion = 14.2;
						TestTargetID = BB7E5E58296EDF6700542C26;
					};
				};
			};
			buildConfigurationList = BB7E5E54296EDF6700542C26 /* Build configuration list for PBXProject "TrendingRepositories" */;
			compatibilityVersion = "Xcode 14.0";
			developmentRegion = en;
			hasScannedForEncodings = 0;
			knownRegions = (
				en,
				Base,
				tr,
			);
			mainGroup = BB7E5E50296EDF6700542C26;
			packageReferences = (
				BB5BCC68297193B700FEB7E0 /* XCRemoteSwiftPackageReference "lottie-ios" */,
				BBFF7763298D70AB00E8AECC /* XCRemoteSwiftPackageReference "Alamofire" */,
				BB7C113029BA872D00CDF578 /* XCRemoteSwiftPackageReference "AlamofireNetworkActivityLogger" */,
				BB3C8A7629C346BA0096B9C5 /* XCRemoteSwiftPackageReference "SwifterSwift" */,
				BB87946E29C7902F001150BE /* XCRemoteSwiftPackageReference "Kingfisher" */,
			);
			productRefGroup = BB7E5E5A296EDF6700542C26 /* Products */;
			projectDirPath = "";
			projectRoot = "";
			targets = (
				BB7E5E58296EDF6700542C26 /* TrendingRepositories */,
				BB7E5E6E296EDF6900542C26 /* TrendingRepositoriesTests */,
			);
		};
/* End PBXProject section */

/* Begin PBXResourcesBuildPhase section */
		BB7E5E57296EDF6700542C26 /* Resources */ = {
			isa = PBXResourcesBuildPhase;
			buildActionMask = 2147483647;
			files = (
				BB7E5E90296EEBDB00542C26 /* Assets.xcassets in Resources */,
				BB5BCC912971BB8300FEB7E0 /* TrendingRepositoryShimmerTableViewCell.xib in Resources */,
				BB7E5EA2296F1CE500542C26 /* Localizable.strings in Resources */,
				BBD7923829703A170090C578 /* TrendingRepositoryTableViewCell.xib in Resources */,
				BB7E5E91296EEBDB00542C26 /* LaunchScreen.storyboard in Resources */,
				BB5BCC6E2971953A00FEB7E0 /* retry.json in Resources */,
				BB5BCC8B2971A66200FEB7E0 /* TrendingRepositoriesViewController.xib in Resources */,
			);
			runOnlyForDeploymentPostprocessing = 0;
		};
		BB7E5E6D296EDF6900542C26 /* Resources */ = {
			isa = PBXResourcesBuildPhase;
			buildActionMask = 2147483647;
			files = (
			);
			runOnlyForDeploymentPostprocessing = 0;
		};
/* End PBXResourcesBuildPhase section */

/* Begin PBXSourcesBuildPhase section */
		BB7E5E55296EDF6700542C26 /* Sources */ = {
			isa = PBXSourcesBuildPhase;
			buildActionMask = 2147483647;
			files = (
				BB5BCC8D2971AD3200FEB7E0 /* UIButton+Styling.swift in Sources */,
				BB87A42329C9E22400DB754B /* DispatchGroupProtocol.swift in Sources */,
				BB5BCC79297195B000FEB7E0 /* NetworkManager.swift in Sources */,
				BB7E5E98296EFCAD00542C26 /* TrendingRepositoriesViewModel.swift in Sources */,
				BB5BCC622971711900FEB7E0 /* TrendingRepositoriesService.swift in Sources */,
				BB24F1E129C492C00030E57B /* LanguageColor.swift in Sources */,
				BB7E5E9A296F11F200542C26 /* TrendingRepositoriesViewController.swift in Sources */,
				BB5BCC8F2971BB5000FEB7E0 /* TrendingRepositoryShimmerTableViewCell.swift in Sources */,
				BB7E5E9D296F159F00542C26 /* TrendingRepositoryPresentation.swift in Sources */,
				BB7C113429BA995F00CDF578 /* RoutingManager.swift in Sources */,
				BB5BCC7B297195B000FEB7E0 /* UIView+Styling.swift in Sources */,
				BB5BCC7D297195B000FEB7E0 /* UIImageView+ImageLoading.swift in Sources */,
				BB87A42429C9E22400DB754B /* Endpoint.swift in Sources */,
				BB881E2D29C1E7B5003342C4 /* TrendingRepositoriesRouter.swift in Sources */,
				BB7E5E5D296EDF6700542C26 /* AppDelegate.swift in Sources */,
				BBB2B58F29C36F3600B83062 /* UIViewController+ActionSheet.swift in Sources */,
				BBD79232297038C60090C578 /* TrendingRepositoryTableViewCell.swift in Sources */,
				BB7E5E5F296EDF6700542C26 /* SceneDelegate.swift in Sources */,
				BBD792412970B94F0090C578 /* TrendingRepositoriesResponse.swift in Sources */,
			);
			runOnlyForDeploymentPostprocessing = 0;
		};
		BB7E5E6B296EDF6900542C26 /* Sources */ = {
			isa = PBXSourcesBuildPhase;
			buildActionMask = 2147483647;
			files = (
				BB881E2F29C1EC84003342C4 /* TrendingRepositoriesFakeRouter.swift in Sources */,
				BBD6CC2F29B6502800CE3A82 /* TrendingRepositoriesViewModelTests.swift in Sources */,
				BB24F1E929C4BEEA0030E57B /* FakeDispatchGroup.swift in Sources */,
				BBD6CC3029B6502800CE3A82 /* TrendingRepositoriesFakeService.swift in Sources */,
			);
			runOnlyForDeploymentPostprocessing = 0;
		};
/* End PBXSourcesBuildPhase section */

/* Begin PBXTargetDependency section */
		BB7E5E71296EDF6900542C26 /* PBXTargetDependency */ = {
			isa = PBXTargetDependency;
			target = BB7E5E58296EDF6700542C26 /* TrendingRepositories */;
			targetProxy = BB7E5E70296EDF6900542C26 /* PBXContainerItemProxy */;
		};
/* End PBXTargetDependency section */

/* Begin PBXVariantGroup section */
		BB7E5E8E296EEBDB00542C26 /* LaunchScreen.storyboard */ = {
			isa = PBXVariantGroup;
			children = (
				BB7E5E9F296F1C8F00542C26 /* Base */,
			);
			name = LaunchScreen.storyboard;
			sourceTree = "<group>";
		};
		BB7E5EA4296F1CE500542C26 /* Localizable.strings */ = {
			isa = PBXVariantGroup;
			children = (
				BB7E5EA3296F1CE500542C26 /* en */,
				BB7E5EA5296F1CFA00542C26 /* tr */,
			);
			name = Localizable.strings;
			sourceTree = "<group>";
		};
/* End PBXVariantGroup section */

/* Begin XCBuildConfiguration section */
		BB7E5E81296EDF6900542C26 /* Debug */ = {
			isa = XCBuildConfiguration;
			buildSettings = {
				ALWAYS_SEARCH_USER_PATHS = NO;
				CLANG_ANALYZER_LOCALIZABILITY_NONLOCALIZED = YES;
				CLANG_ANALYZER_NONNULL = YES;
				CLANG_ANALYZER_NUMBER_OBJECT_CONVERSION = YES_AGGRESSIVE;
				CLANG_CXX_LANGUAGE_STANDARD = "gnu++20";
				CLANG_ENABLE_MODULES = YES;
				CLANG_ENABLE_OBJC_ARC = YES;
				CLANG_ENABLE_OBJC_WEAK = YES;
				CLANG_WARN_BLOCK_CAPTURE_AUTORELEASING = YES;
				CLANG_WARN_BOOL_CONVERSION = YES;
				CLANG_WARN_COMMA = YES;
				CLANG_WARN_CONSTANT_CONVERSION = YES;
				CLANG_WARN_DEPRECATED_OBJC_IMPLEMENTATIONS = YES;
				CLANG_WARN_DIRECT_OBJC_ISA_USAGE = YES_ERROR;
				CLANG_WARN_DOCUMENTATION_COMMENTS = YES;
				CLANG_WARN_EMPTY_BODY = YES;
				CLANG_WARN_ENUM_CONVERSION = YES;
				CLANG_WARN_INFINITE_RECURSION = YES;
				CLANG_WARN_INT_CONVERSION = YES;
				CLANG_WARN_NON_LITERAL_NULL_CONVERSION = YES;
				CLANG_WARN_OBJC_IMPLICIT_RETAIN_SELF = YES;
				CLANG_WARN_OBJC_LITERAL_CONVERSION = YES;
				CLANG_WARN_OBJC_ROOT_CLASS = YES_ERROR;
				CLANG_WARN_QUOTED_INCLUDE_IN_FRAMEWORK_HEADER = YES;
				CLANG_WARN_RANGE_LOOP_ANALYSIS = YES;
				CLANG_WARN_STRICT_PROTOTYPES = YES;
				CLANG_WARN_SUSPICIOUS_MOVE = YES;
				CLANG_WARN_UNGUARDED_AVAILABILITY = YES_AGGRESSIVE;
				CLANG_WARN_UNREACHABLE_CODE = YES;
				CLANG_WARN__DUPLICATE_METHOD_MATCH = YES;
				COPY_PHASE_STRIP = NO;
				DEBUG_INFORMATION_FORMAT = dwarf;
				ENABLE_STRICT_OBJC_MSGSEND = YES;
				ENABLE_TESTABILITY = YES;
				GCC_C_LANGUAGE_STANDARD = gnu11;
				GCC_DYNAMIC_NO_PIC = NO;
				GCC_NO_COMMON_BLOCKS = YES;
				GCC_OPTIMIZATION_LEVEL = 0;
				GCC_PREPROCESSOR_DEFINITIONS = (
					"DEBUG=1",
					"$(inherited)",
				);
				GCC_WARN_64_TO_32_BIT_CONVERSION = YES;
				GCC_WARN_ABOUT_RETURN_TYPE = YES_ERROR;
				GCC_WARN_UNDECLARED_SELECTOR = YES;
				GCC_WARN_UNINITIALIZED_AUTOS = YES_AGGRESSIVE;
				GCC_WARN_UNUSED_FUNCTION = YES;
				GCC_WARN_UNUSED_VARIABLE = YES;
				IPHONEOS_DEPLOYMENT_TARGET = 13.0;
				MTL_ENABLE_DEBUG_INFO = INCLUDE_SOURCE;
				MTL_FAST_MATH = YES;
				ONLY_ACTIVE_ARCH = YES;
				SDKROOT = iphoneos;
				SWIFT_ACTIVE_COMPILATION_CONDITIONS = DEBUG;
				SWIFT_OPTIMIZATION_LEVEL = "-Onone";
			};
			name = Debug;
		};
		BB7E5E82296EDF6900542C26 /* Release */ = {
			isa = XCBuildConfiguration;
			buildSettings = {
				ALWAYS_SEARCH_USER_PATHS = NO;
				CLANG_ANALYZER_LOCALIZABILITY_NONLOCALIZED = YES;
				CLANG_ANALYZER_NONNULL = YES;
				CLANG_ANALYZER_NUMBER_OBJECT_CONVERSION = YES_AGGRESSIVE;
				CLANG_CXX_LANGUAGE_STANDARD = "gnu++20";
				CLANG_ENABLE_MODULES = YES;
				CLANG_ENABLE_OBJC_ARC = YES;
				CLANG_ENABLE_OBJC_WEAK = YES;
				CLANG_WARN_BLOCK_CAPTURE_AUTORELEASING = YES;
				CLANG_WARN_BOOL_CONVERSION = YES;
				CLANG_WARN_COMMA = YES;
				CLANG_WARN_CONSTANT_CONVERSION = YES;
				CLANG_WARN_DEPRECATED_OBJC_IMPLEMENTATIONS = YES;
				CLANG_WARN_DIRECT_OBJC_ISA_USAGE = YES_ERROR;
				CLANG_WARN_DOCUMENTATION_COMMENTS = YES;
				CLANG_WARN_EMPTY_BODY = YES;
				CLANG_WARN_ENUM_CONVERSION = YES;
				CLANG_WARN_INFINITE_RECURSION = YES;
				CLANG_WARN_INT_CONVERSION = YES;
				CLANG_WARN_NON_LITERAL_NULL_CONVERSION = YES;
				CLANG_WARN_OBJC_IMPLICIT_RETAIN_SELF = YES;
				CLANG_WARN_OBJC_LITERAL_CONVERSION = YES;
				CLANG_WARN_OBJC_ROOT_CLASS = YES_ERROR;
				CLANG_WARN_QUOTED_INCLUDE_IN_FRAMEWORK_HEADER = YES;
				CLANG_WARN_RANGE_LOOP_ANALYSIS = YES;
				CLANG_WARN_STRICT_PROTOTYPES = YES;
				CLANG_WARN_SUSPICIOUS_MOVE = YES;
				CLANG_WARN_UNGUARDED_AVAILABILITY = YES_AGGRESSIVE;
				CLANG_WARN_UNREACHABLE_CODE = YES;
				CLANG_WARN__DUPLICATE_METHOD_MATCH = YES;
				COPY_PHASE_STRIP = NO;
				DEBUG_INFORMATION_FORMAT = "dwarf-with-dsym";
				ENABLE_NS_ASSERTIONS = NO;
				ENABLE_STRICT_OBJC_MSGSEND = YES;
				GCC_C_LANGUAGE_STANDARD = gnu11;
				GCC_NO_COMMON_BLOCKS = YES;
				GCC_WARN_64_TO_32_BIT_CONVERSION = YES;
				GCC_WARN_ABOUT_RETURN_TYPE = YES_ERROR;
				GCC_WARN_UNDECLARED_SELECTOR = YES;
				GCC_WARN_UNINITIALIZED_AUTOS = YES_AGGRESSIVE;
				GCC_WARN_UNUSED_FUNCTION = YES;
				GCC_WARN_UNUSED_VARIABLE = YES;
				IPHONEOS_DEPLOYMENT_TARGET = 13.0;
				MTL_ENABLE_DEBUG_INFO = NO;
				MTL_FAST_MATH = YES;
				SDKROOT = iphoneos;
				SWIFT_COMPILATION_MODE = wholemodule;
				SWIFT_OPTIMIZATION_LEVEL = "-O";
				VALIDATE_PRODUCT = YES;
			};
			name = Release;
		};
		BB7E5E84296EDF6900542C26 /* Debug */ = {
			isa = XCBuildConfiguration;
			buildSettings = {
				ASSETCATALOG_COMPILER_APPICON_NAME = AppIcon;
				ASSETCATALOG_COMPILER_GLOBAL_ACCENT_COLOR_NAME = AccentColor;
				CODE_SIGN_STYLE = Automatic;
				CURRENT_PROJECT_VERSION = 1;
				GENERATE_INFOPLIST_FILE = YES;
				INFOPLIST_FILE = "TrendingRepositories/SupportingFiles/TrendingRepositories-Info.plist";
				INFOPLIST_KEY_UIApplicationSupportsIndirectInputEvents = YES;
				INFOPLIST_KEY_UILaunchStoryboardName = LaunchScreen;
				INFOPLIST_KEY_UISupportedInterfaceOrientations_iPad = "UIInterfaceOrientationPortrait UIInterfaceOrientationPortraitUpsideDown UIInterfaceOrientationLandscapeLeft UIInterfaceOrientationLandscapeRight";
				INFOPLIST_KEY_UISupportedInterfaceOrientations_iPhone = "UIInterfaceOrientationPortrait UIInterfaceOrientationLandscapeLeft UIInterfaceOrientationLandscapeRight";
				IPHONEOS_DEPLOYMENT_TARGET = 13.0;
				LD_RUNPATH_SEARCH_PATHS = (
					"$(inherited)",
					"@executable_path/Frameworks",
				);
				MARKETING_VERSION = 1.0;
				PRODUCT_BUNDLE_IDENTIFIER = com.makcakir.TrendingRepositories;
				PRODUCT_NAME = "$(TARGET_NAME)";
				SWIFT_EMIT_LOC_STRINGS = YES;
				SWIFT_VERSION = 5.0;
				TARGETED_DEVICE_FAMILY = "1,2";
			};
			name = Debug;
		};
		BB7E5E85296EDF6900542C26 /* Release */ = {
			isa = XCBuildConfiguration;
			buildSettings = {
				ASSETCATALOG_COMPILER_APPICON_NAME = AppIcon;
				ASSETCATALOG_COMPILER_GLOBAL_ACCENT_COLOR_NAME = AccentColor;
				CODE_SIGN_STYLE = Automatic;
				CURRENT_PROJECT_VERSION = 1;
				GENERATE_INFOPLIST_FILE = YES;
				INFOPLIST_FILE = "TrendingRepositories/SupportingFiles/TrendingRepositories-Info.plist";
				INFOPLIST_KEY_UIApplicationSupportsIndirectInputEvents = YES;
				INFOPLIST_KEY_UILaunchStoryboardName = LaunchScreen;
				INFOPLIST_KEY_UISupportedInterfaceOrientations_iPad = "UIInterfaceOrientationPortrait UIInterfaceOrientationPortraitUpsideDown UIInterfaceOrientationLandscapeLeft UIInterfaceOrientationLandscapeRight";
				INFOPLIST_KEY_UISupportedInterfaceOrientations_iPhone = "UIInterfaceOrientationPortrait UIInterfaceOrientationLandscapeLeft UIInterfaceOrientationLandscapeRight";
				IPHONEOS_DEPLOYMENT_TARGET = 13.0;
				LD_RUNPATH_SEARCH_PATHS = (
					"$(inherited)",
					"@executable_path/Frameworks",
				);
				MARKETING_VERSION = 1.0;
				PRODUCT_BUNDLE_IDENTIFIER = com.makcakir.TrendingRepositories;
				PRODUCT_NAME = "$(TARGET_NAME)";
				SWIFT_EMIT_LOC_STRINGS = YES;
				SWIFT_VERSION = 5.0;
				TARGETED_DEVICE_FAMILY = "1,2";
			};
			name = Release;
		};
		BB7E5E87296EDF6900542C26 /* Debug */ = {
			isa = XCBuildConfiguration;
			buildSettings = {
				ALWAYS_EMBED_SWIFT_STANDARD_LIBRARIES = YES;
				BUNDLE_LOADER = "$(TEST_HOST)";
				CODE_SIGN_STYLE = Automatic;
				CURRENT_PROJECT_VERSION = 1;
				GENERATE_INFOPLIST_FILE = YES;
				IPHONEOS_DEPLOYMENT_TARGET = 16.2;
				MARKETING_VERSION = 1.0;
				PRODUCT_BUNDLE_IDENTIFIER = com.makcakir.TrendingRepositoriesTests;
				PRODUCT_NAME = "$(TARGET_NAME)";
				SWIFT_EMIT_LOC_STRINGS = NO;
				SWIFT_VERSION = 5.0;
				TARGETED_DEVICE_FAMILY = "1,2";
				TEST_HOST = "$(BUILT_PRODUCTS_DIR)/TrendingRepositories.app/$(BUNDLE_EXECUTABLE_FOLDER_PATH)/TrendingRepositories";
			};
			name = Debug;
		};
		BB7E5E88296EDF6900542C26 /* Release */ = {
			isa = XCBuildConfiguration;
			buildSettings = {
				ALWAYS_EMBED_SWIFT_STANDARD_LIBRARIES = YES;
				BUNDLE_LOADER = "$(TEST_HOST)";
				CODE_SIGN_STYLE = Automatic;
				CURRENT_PROJECT_VERSION = 1;
				GENERATE_INFOPLIST_FILE = YES;
				IPHONEOS_DEPLOYMENT_TARGET = 16.2;
				MARKETING_VERSION = 1.0;
				PRODUCT_BUNDLE_IDENTIFIER = com.makcakir.TrendingRepositoriesTests;
				PRODUCT_NAME = "$(TARGET_NAME)";
				SWIFT_EMIT_LOC_STRINGS = NO;
				SWIFT_VERSION = 5.0;
				TARGETED_DEVICE_FAMILY = "1,2";
				TEST_HOST = "$(BUILT_PRODUCTS_DIR)/TrendingRepositories.app/$(BUNDLE_EXECUTABLE_FOLDER_PATH)/TrendingRepositories";
			};
			name = Release;
		};
/* End XCBuildConfiguration section */

/* Begin XCConfigurationList section */
		BB7E5E54296EDF6700542C26 /* Build configuration list for PBXProject "TrendingRepositories" */ = {
			isa = XCConfigurationList;
			buildConfigurations = (
				BB7E5E81296EDF6900542C26 /* Debug */,
				BB7E5E82296EDF6900542C26 /* Release */,
			);
			defaultConfigurationIsVisible = 0;
			defaultConfigurationName = Release;
		};
		BB7E5E83296EDF6900542C26 /* Build configuration list for PBXNativeTarget "TrendingRepositories" */ = {
			isa = XCConfigurationList;
			buildConfigurations = (
				BB7E5E84296EDF6900542C26 /* Debug */,
				BB7E5E85296EDF6900542C26 /* Release */,
			);
			defaultConfigurationIsVisible = 0;
			defaultConfigurationName = Release;
		};
		BB7E5E86296EDF6900542C26 /* Build configuration list for PBXNativeTarget "TrendingRepositoriesTests" */ = {
			isa = XCConfigurationList;
			buildConfigurations = (
				BB7E5E87296EDF6900542C26 /* Debug */,
				BB7E5E88296EDF6900542C26 /* Release */,
			);
			defaultConfigurationIsVisible = 0;
			defaultConfigurationName = Release;
		};
/* End XCConfigurationList section */

/* Begin XCRemoteSwiftPackageReference section */
		BB3C8A7629C346BA0096B9C5 /* XCRemoteSwiftPackageReference "SwifterSwift" */ = {
			isa = XCRemoteSwiftPackageReference;
			repositoryURL = "https://github.com/SwifterSwift/SwifterSwift";
			requirement = {
				kind = upToNextMajorVersion;
				minimumVersion = 5.0.0;
			};
		};
		BB5BCC68297193B700FEB7E0 /* XCRemoteSwiftPackageReference "lottie-ios" */ = {
			isa = XCRemoteSwiftPackageReference;
			repositoryURL = "https://github.com/airbnb/lottie-ios.git";
			requirement = {
				kind = upToNextMajorVersion;
				minimumVersion = 4.0.0;
			};
		};
		BB7C113029BA872D00CDF578 /* XCRemoteSwiftPackageReference "AlamofireNetworkActivityLogger" */ = {
			isa = XCRemoteSwiftPackageReference;
			repositoryURL = "https://github.com/konkab/AlamofireNetworkActivityLogger";
			requirement = {
				kind = upToNextMajorVersion;
				minimumVersion = 3.0.0;
			};
		};
		BB87946E29C7902F001150BE /* XCRemoteSwiftPackageReference "Kingfisher" */ = {
			isa = XCRemoteSwiftPackageReference;
			repositoryURL = "https://github.com/onevcat/Kingfisher";
			requirement = {
				kind = upToNextMajorVersion;
				minimumVersion = 7.0.0;
			};
		};
		BBFF7763298D70AB00E8AECC /* XCRemoteSwiftPackageReference "Alamofire" */ = {
			isa = XCRemoteSwiftPackageReference;
			repositoryURL = "https://github.com/Alamofire/Alamofire";
			requirement = {
				kind = upToNextMajorVersion;
				minimumVersion = 5.0.0;
			};
		};
/* End XCRemoteSwiftPackageReference section */

/* Begin XCSwiftPackageProductDependency section */
		BB3C8A7729C346BA0096B9C5 /* SwifterSwift */ = {
			isa = XCSwiftPackageProductDependency;
			package = BB3C8A7629C346BA0096B9C5 /* XCRemoteSwiftPackageReference "SwifterSwift" */;
			productName = SwifterSwift;
		};
		BB5BCC69297193B700FEB7E0 /* Lottie */ = {
			isa = XCSwiftPackageProductDependency;
			package = BB5BCC68297193B700FEB7E0 /* XCRemoteSwiftPackageReference "lottie-ios" */;
			productName = Lottie;
		};
		BB7C113129BA872D00CDF578 /* AlamofireNetworkActivityLogger */ = {
			isa = XCSwiftPackageProductDependency;
			package = BB7C113029BA872D00CDF578 /* XCRemoteSwiftPackageReference "AlamofireNetworkActivityLogger" */;
			productName = AlamofireNetworkActivityLogger;
		};
		BB87946F29C7902F001150BE /* Kingfisher */ = {
			isa = XCSwiftPackageProductDependency;
			package = BB87946E29C7902F001150BE /* XCRemoteSwiftPackageReference "Kingfisher" */;
			productName = Kingfisher;
		};
		BBFF7764298D70AB00E8AECC /* Alamofire */ = {
			isa = XCSwiftPackageProductDependency;
			package = BBFF7763298D70AB00E8AECC /* XCRemoteSwiftPackageReference "Alamofire" */;
			productName = Alamofire;
		};
/* End XCSwiftPackageProductDependency section */
	};
	rootObject = BB7E5E51296EDF6700542C26 /* Project object */;
}
