// !$*UTF8*$!
{
	archiveVersion = 1;
	classes = {
	};
	objectVersion = 56;
	objects = {

/* Begin PBXBuildFile section */
		BB7E5E5D296EDF6700542C26 /* AppDelegate.swift in Sources */ = {isa = PBXBuildFile; fileRef = BB7E5E5C296EDF6700542C26 /* AppDelegate.swift */; };
		BB7E5E5F296EDF6700542C26 /* SceneDelegate.swift in Sources */ = {isa = PBXBuildFile; fileRef = BB7E5E5E296EDF6700542C26 /* SceneDelegate.swift */; };
		BB7E5E61296EDF6700542C26 /* ViewController.swift in Sources */ = {isa = PBXBuildFile; fileRef = BB7E5E60296EDF6700542C26 /* ViewController.swift */; };
		BB7E5E74296EDF6900542C26 /* TrendingRepositoriesViewModelTests.swift in Sources */ = {isa = PBXBuildFile; fileRef = BB7E5E73296EDF6900542C26 /* TrendingRepositoriesViewModelTests.swift */; };
		BB7E5E90296EEBDB00542C26 /* Assets.xcassets in Resources */ = {isa = PBXBuildFile; fileRef = BB7E5E8D296EEBDB00542C26 /* Assets.xcassets */; };
		BB7E5E91296EEBDB00542C26 /* LaunchScreen.storyboard in Resources */ = {isa = PBXBuildFile; fileRef = BB7E5E8E296EEBDB00542C26 /* LaunchScreen.storyboard */; };
		BB7E5E98296EFCAD00542C26 /* TrendingRepositoriesViewModel.swift in Sources */ = {isa = PBXBuildFile; fileRef = BB7E5E97296EFCAD00542C26 /* TrendingRepositoriesViewModel.swift */; };
/* End PBXBuildFile section */

/* Begin PBXContainerItemProxy section */
		BB7E5E70296EDF6900542C26 /* PBXContainerItemProxy */ = {
			isa = PBXContainerItemProxy;
			containerPortal = BB7E5E51296EDF6700542C26 /* Project object */;
			proxyType = 1;
			remoteGlobalIDString = BB7E5E58296EDF6700542C26;
			remoteInfo = TrendingRepositories;
		};
/* End PBXContainerItemProxy section */

/* Begin PBXFileReference section */
		BB7E5E59296EDF6700542C26 /* TrendingRepositories.app */ = {isa = PBXFileReference; explicitFileType = wrapper.application; includeInIndex = 0; path = TrendingRepositories.app; sourceTree = BUILT_PRODUCTS_DIR; };
		BB7E5E5C296EDF6700542C26 /* AppDelegate.swift */ = {isa = PBXFileReference; lastKnownFileType = sourcecode.swift; path = AppDelegate.swift; sourceTree = "<group>"; };
		BB7E5E5E296EDF6700542C26 /* SceneDelegate.swift */ = {isa = PBXFileReference; lastKnownFileType = sourcecode.swift; path = SceneDelegate.swift; sourceTree = "<group>"; };
		BB7E5E60296EDF6700542C26 /* ViewController.swift */ = {isa = PBXFileReference; lastKnownFileType = sourcecode.swift; path = ViewController.swift; sourceTree = "<group>"; };
		BB7E5E6F296EDF6900542C26 /* TrendingRepositoriesTests.xctest */ = {isa = PBXFileReference; explicitFileType = wrapper.cfbundle; includeInIndex = 0; path = TrendingRepositoriesTests.xctest; sourceTree = BUILT_PRODUCTS_DIR; };
		BB7E5E73296EDF6900542C26 /* TrendingRepositoriesViewModelTests.swift */ = {isa = PBXFileReference; lastKnownFileType = sourcecode.swift; path = TrendingRepositoriesViewModelTests.swift; sourceTree = "<group>"; };
		BB7E5E8D296EEBDB00542C26 /* Assets.xcassets */ = {isa = PBXFileReference; lastKnownFileType = folder.assetcatalog; path = Assets.xcassets; sourceTree = "<group>"; };
		BB7E5E8F296EEBDB00542C26 /* Base */ = {isa = PBXFileReference; lastKnownFileType = file.storyboard; name = Base; path = Base.lproj/LaunchScreen.storyboard; sourceTree = "<group>"; };
		BB7E5E93296EEC0900542C26 /* TrendingRepositories-Info.plist */ = {isa = PBXFileReference; fileEncoding = 4; lastKnownFileType = text.plist.xml; path = "TrendingRepositories-Info.plist"; sourceTree = "<group>"; };
		BB7E5E97296EFCAD00542C26 /* TrendingRepositoriesViewModel.swift */ = {isa = PBXFileReference; lastKnownFileType = sourcecode.swift; path = TrendingRepositoriesViewModel.swift; sourceTree = "<group>"; };
/* End PBXFileReference section */

/* Begin PBXFrameworksBuildPhase section */
		BB7E5E56296EDF6700542C26 /* Frameworks */ = {
			isa = PBXFrameworksBuildPhase;
			buildActionMask = 2147483647;
			files = (
			);
			runOnlyForDeploymentPostprocessing = 0;
		};
		BB7E5E6C296EDF6900542C26 /* Frameworks */ = {
			isa = PBXFrameworksBuildPhase;
			buildActionMask = 2147483647;
			files = (
			);
			runOnlyForDeploymentPostprocessing = 0;
		};
/* End PBXFrameworksBuildPhase section */

/* Begin PBXGroup section */
		BB7E5E50296EDF6700542C26 = {
			isa = PBXGroup;
			children = (
				BB7E5E5B296EDF6700542C26 /* TrendingRepositories */,
				BB7E5E72296EDF6900542C26 /* TrendingRepositoriesTests */,
				BB7E5E5A296EDF6700542C26 /* Products */,
			);
			sourceTree = "<group>";
		};
		BB7E5E5A296EDF6700542C26 /* Products */ = {
			isa = PBXGroup;
			children = (
				BB7E5E59296EDF6700542C26 /* TrendingRepositories.app */,
				BB7E5E6F296EDF6900542C26 /* TrendingRepositoriesTests.xctest */,
			);
			name = Products;
			sourceTree = "<group>";
		};
		BB7E5E5B296EDF6700542C26 /* TrendingRepositories */ = {
			isa = PBXGroup;
			children = (
				BB7E5E5C296EDF6700542C26 /* AppDelegate.swift */,
				BB7E5E5E296EDF6700542C26 /* SceneDelegate.swift */,
				BB7E5E60296EDF6700542C26 /* ViewController.swift */,
				BB7E5E95296EFC9900542C26 /* Features */,
				BB7E5E8C296EEBDB00542C26 /* Resources */,
				BB7E5E92296EEC0900542C26 /* SupportingFiles */,
			);
			path = TrendingRepositories;
			sourceTree = "<group>";
		};
		BB7E5E72296EDF6900542C26 /* TrendingRepositoriesTests */ = {
			isa = PBXGroup;
			children = (
				BB7E5E73296EDF6900542C26 /* TrendingRepositoriesViewModelTests.swift */,
			);
			path = TrendingRepositoriesTests;
			sourceTree = "<group>";
		};
		BB7E5E8C296EEBDB00542C26 /* Resources */ = {
			isa = PBXGroup;
			children = (
				BB7E5E8D296EEBDB00542C26 /* Assets.xcassets */,
				BB7E5E8E296EEBDB00542C26 /* LaunchScreen.storyboard */,
			);
			path = Resources;
			sourceTree = "<group>";
		};
		BB7E5E92296EEC0900542C26 /* SupportingFiles */ = {
			isa = PBXGroup;
			children = (
				BB7E5E93296EEC0900542C26 /* TrendingRepositories-Info.plist */,
			);
			path = SupportingFiles;
			sourceTree = "<group>";
		};
		BB7E5E95296EFC9900542C26 /* Features */ = {
			isa = PBXGroup;
			children = (
				BB7E5E96296EFC9900542C26 /* TrendingRepositories */,
			);
			path = Features;
			sourceTree = "<group>";
		};
		BB7E5E96296EFC9900542C26 /* TrendingRepositories */ = {
			isa = PBXGroup;
			children = (
				BB7E5E97296EFCAD00542C26 /* TrendingRepositoriesViewModel.swift */,
			);
			path = TrendingRepositories;
			sourceTree = "<group>";
		};
/* End PBXGroup section */

/* Begin PBXNativeTarget section */
		BB7E5E58296EDF6700542C26 /* TrendingRepositories */ = {
			isa = PBXNativeTarget;
			buildConfigurationList = BB7E5E83296EDF6900542C26 /* Build configuration list for PBXNativeTarget "TrendingRepositories" */;
			buildPhases = (
				BB7E5E55296EDF6700542C26 /* Sources */,
				BB7E5E56296EDF6700542C26 /* Frameworks */,
				BB7E5E57296EDF6700542C26 /* Resources */,
			);
			buildRules = (
			);
			dependencies = (
			);
			name = TrendingRepositories;
			productName = TrendingRepositories;
			productReference = BB7E5E59296EDF6700542C26 /* TrendingRepositories.app */;
			productType = "com.apple.product-type.application";
		};
		BB7E5E6E296EDF6900542C26 /* TrendingRepositoriesTests */ = {
			isa = PBXNativeTarget;
			buildConfigurationList = BB7E5E86296EDF6900542C26 /* Build configuration list for PBXNativeTarget "TrendingRepositoriesTests" */;
			buildPhases = (
				BB7E5E6B296EDF6900542C26 /* Sources */,
				BB7E5E6C296EDF6900542C26 /* Frameworks */,
				BB7E5E6D296EDF6900542C26 /* Resources */,
			);
			buildRules = (
			);
			dependencies = (
				BB7E5E71296EDF6900542C26 /* PBXTargetDependency */,
			);
			name = TrendingRepositoriesTests;
			productName = TrendingRepositoriesTests;
			productReference = BB7E5E6F296EDF6900542C26 /* TrendingRepositoriesTests.xctest */;
			productType = "com.apple.product-type.bundle.unit-test";
		};
/* End PBXNativeTarget section */

/* Begin PBXProject section */
		BB7E5E51296EDF6700542C26 /* Project object */ = {
			isa = PBXProject;
			attributes = {
				BuildIndependentTargetsInParallel = 1;
				LastSwiftUpdateCheck = 1420;
				LastUpgradeCheck = 1420;
				TargetAttributes = {
					BB7E5E58296EDF6700542C26 = {
						CreatedOnToolsVersion = 14.2;
					};
					BB7E5E6E296EDF6900542C26 = {
						CreatedOnToolsVersion = 14.2;
						TestTargetID = BB7E5E58296EDF6700542C26;
					};
				};
			};
			buildConfigurationList = BB7E5E54296EDF6700542C26 /* Build configuration list for PBXProject "TrendingRepositories" */;
			compatibilityVersion = "Xcode 14.0";
			developmentRegion = en;
			hasScannedForEncodings = 0;
			knownRegions = (
				en,
				Base,
			);
			mainGroup = BB7E5E50296EDF6700542C26;
			productRefGroup = BB7E5E5A296EDF6700542C26 /* Products */;
			projectDirPath = "";
			projectRoot = "";
			targets = (
				BB7E5E58296EDF6700542C26 /* TrendingRepositories */,
				BB7E5E6E296EDF6900542C26 /* TrendingRepositoriesTests */,
			);
		};
/* End PBXProject section */

/* Begin PBXResourcesBuildPhase section */
		BB7E5E57296EDF6700542C26 /* Resources */ = {
			isa = PBXResourcesBuildPhase;
			buildActionMask = 2147483647;
			files = (
				BB7E5E90296EEBDB00542C26 /* Assets.xcassets in Resources */,
				BB7E5E91296EEBDB00542C26 /* LaunchScreen.storyboard in Resources */,
			);
			runOnlyForDeploymentPostprocessing = 0;
		};
		BB7E5E6D296EDF6900542C26 /* Resources */ = {
			isa = PBXResourcesBuildPhase;
			buildActionMask = 2147483647;
			files = (
			);
			runOnlyForDeploymentPostprocessing = 0;
		};
/* End PBXResourcesBuildPhase section */

/* Begin PBXSourcesBuildPhase section */
		BB7E5E55296EDF6700542C26 /* Sources */ = {
			isa = PBXSourcesBuildPhase;
			buildActionMask = 2147483647;
			files = (
				BB7E5E61296EDF6700542C26 /* ViewController.swift in Sources */,
				BB7E5E98296EFCAD00542C26 /* TrendingRepositoriesViewModel.swift in Sources */,
				BB7E5E5D296EDF6700542C26 /* AppDelegate.swift in Sources */,
				BB7E5E5F296EDF6700542C26 /* SceneDelegate.swift in Sources */,
			);
			runOnlyForDeploymentPostprocessing = 0;
		};
		BB7E5E6B296EDF6900542C26 /* Sources */ = {
			isa = PBXSourcesBuildPhase;
			buildActionMask = 2147483647;
			files = (
				BB7E5E74296EDF6900542C26 /* TrendingRepositoriesViewModelTests.swift in Sources */,
			);
			runOnlyForDeploymentPostprocessing = 0;
		};
/* End PBXSourcesBuildPhase section */

/* Begin PBXTargetDependency section */
		BB7E5E71296EDF6900542C26 /* PBXTargetDependency */ = {
			isa = PBXTargetDependency;
			target = BB7E5E58296EDF6700542C26 /* TrendingRepositories */;
			targetProxy = BB7E5E70296EDF6900542C26 /* PBXContainerItemProxy */;
		};
/* End PBXTargetDependency section */

/* Begin PBXVariantGroup section */
		BB7E5E8E296EEBDB00542C26 /* LaunchScreen.storyboard */ = {
			isa = PBXVariantGroup;
			children = (
				BB7E5E8F296EEBDB00542C26 /* Base */,
			);
			name = LaunchScreen.storyboard;
			sourceTree = "<group>";
		};
/* End PBXVariantGroup section */

/* Begin XCBuildConfiguration section */
		BB7E5E81296EDF6900542C26 /* Debug */ = {
			isa = XCBuildConfiguration;
			buildSettings = {
				ALWAYS_SEARCH_USER_PATHS = NO;
				CLANG_ANALYZER_NONNULL = YES;
				CLANG_ANALYZER_NUMBER_OBJECT_CONVERSION = YES_AGGRESSIVE;
				CLANG_CXX_LANGUAGE_STANDARD = "gnu++20";
				CLANG_ENABLE_MODULES = YES;
				CLANG_ENABLE_OBJC_ARC = YES;
				CLANG_ENABLE_OBJC_WEAK = YES;
				CLANG_WARN_BLOCK_CAPTURE_AUTORELEASING = YES;
				CLANG_WARN_BOOL_CONVERSION = YES;
				CLANG_WARN_COMMA = YES;
				CLANG_WARN_CONSTANT_CONVERSION = YES;
				CLANG_WARN_DEPRECATED_OBJC_IMPLEMENTATIONS = YES;
				CLANG_WARN_DIRECT_OBJC_ISA_USAGE = YES_ERROR;
				CLANG_WARN_DOCUMENTATION_COMMENTS = YES;
				CLANG_WARN_EMPTY_BODY = YES;
				CLANG_WARN_ENUM_CONVERSION = YES;
				CLANG_WARN_INFINITE_RECURSION = YES;
				CLANG_WARN_INT_CONVERSION = YES;
				CLANG_WARN_NON_LITERAL_NULL_CONVERSION = YES;
				CLANG_WARN_OBJC_IMPLICIT_RETAIN_SELF = YES;
				CLANG_WARN_OBJC_LITERAL_CONVERSION = YES;
				CLANG_WARN_OBJC_ROOT_CLASS = YES_ERROR;
				CLANG_WARN_QUOTED_INCLUDE_IN_FRAMEWORK_HEADER = YES;
				CLANG_WARN_RANGE_LOOP_ANALYSIS = YES;
				CLANG_WARN_STRICT_PROTOTYPES = YES;
				CLANG_WARN_SUSPICIOUS_MOVE = YES;
				CLANG_WARN_UNGUARDED_AVAILABILITY = YES_AGGRESSIVE;
				CLANG_WARN_UNREACHABLE_CODE = YES;
				CLANG_WARN__DUPLICATE_METHOD_MATCH = YES;
				COPY_PHASE_STRIP = NO;
				DEBUG_INFORMATION_FORMAT = dwarf;
				ENABLE_STRICT_OBJC_MSGSEND = YES;
				ENABLE_TESTABILITY = YES;
				GCC_C_LANGUAGE_STANDARD = gnu11;
				GCC_DYNAMIC_NO_PIC = NO;
				GCC_NO_COMMON_BLOCKS = YES;
				GCC_OPTIMIZATION_LEVEL = 0;
				GCC_PREPROCESSOR_DEFINITIONS = (
					"DEBUG=1",
					"$(inherited)",
				);
				GCC_WARN_64_TO_32_BIT_CONVERSION = YES;
				GCC_WARN_ABOUT_RETURN_TYPE = YES_ERROR;
				GCC_WARN_UNDECLARED_SELECTOR = YES;
				GCC_WARN_UNINITIALIZED_AUTOS = YES_AGGRESSIVE;
				GCC_WARN_UNUSED_FUNCTION = YES;
				GCC_WARN_UNUSED_VARIABLE = YES;
				IPHONEOS_DEPLOYMENT_TARGET = 16.2;
				MTL_ENABLE_DEBUG_INFO = INCLUDE_SOURCE;
				MTL_FAST_MATH = YES;
				ONLY_ACTIVE_ARCH = YES;
				SDKROOT = iphoneos;
				SWIFT_ACTIVE_COMPILATION_CONDITIONS = DEBUG;
				SWIFT_OPTIMIZATION_LEVEL = "-Onone";
			};
			name = Debug;
		};
		BB7E5E82296EDF6900542C26 /* Release */ = {
			isa = XCBuildConfiguration;
			buildSettings = {
				ALWAYS_SEARCH_USER_PATHS = NO;
				CLANG_ANALYZER_NONNULL = YES;
				CLANG_ANALYZER_NUMBER_OBJECT_CONVERSION = YES_AGGRESSIVE;
				CLANG_CXX_LANGUAGE_STANDARD = "gnu++20";
				CLANG_ENABLE_MODULES = YES;
				CLANG_ENABLE_OBJC_ARC = YES;
				CLANG_ENABLE_OBJC_WEAK = YES;
				CLANG_WARN_BLOCK_CAPTURE_AUTORELEASING = YES;
				CLANG_WARN_BOOL_CONVERSION = YES;
				CLANG_WARN_COMMA = YES;
				CLANG_WARN_CONSTANT_CONVERSION = YES;
				CLANG_WARN_DEPRECATED_OBJC_IMPLEMENTATIONS = YES;
				CLANG_WARN_DIRECT_OBJC_ISA_USAGE = YES_ERROR;
				CLANG_WARN_DOCUMENTATION_COMMENTS = YES;
				CLANG_WARN_EMPTY_BODY = YES;
				CLANG_WARN_ENUM_CONVERSION = YES;
				CLANG_WARN_INFINITE_RECURSION = YES;
				CLANG_WARN_INT_CONVERSION = YES;
				CLANG_WARN_NON_LITERAL_NULL_CONVERSION = YES;
				CLANG_WARN_OBJC_IMPLICIT_RETAIN_SELF = YES;
				CLANG_WARN_OBJC_LITERAL_CONVERSION = YES;
				CLANG_WARN_OBJC_ROOT_CLASS = YES_ERROR;
				CLANG_WARN_QUOTED_INCLUDE_IN_FRAMEWORK_HEADER = YES;
				CLANG_WARN_RANGE_LOOP_ANALYSIS = YES;
				CLANG_WARN_STRICT_PROTOTYPES = YES;
				CLANG_WARN_SUSPICIOUS_MOVE = YES;
				CLANG_WARN_UNGUARDED_AVAILABILITY = YES_AGGRESSIVE;
				CLANG_WARN_UNREACHABLE_CODE = YES;
				CLANG_WARN__DUPLICATE_METHOD_MATCH = YES;
				COPY_PHASE_STRIP = NO;
				DEBUG_INFORMATION_FORMAT = "dwarf-with-dsym";
				ENABLE_NS_ASSERTIONS = NO;
				ENABLE_STRICT_OBJC_MSGSEND = YES;
				GCC_C_LANGUAGE_STANDARD = gnu11;
				GCC_NO_COMMON_BLOCKS = YES;
				GCC_WARN_64_TO_32_BIT_CONVERSION = YES;
				GCC_WARN_ABOUT_RETURN_TYPE = YES_ERROR;
				GCC_WARN_UNDECLARED_SELECTOR = YES;
				GCC_WARN_UNINITIALIZED_AUTOS = YES_AGGRESSIVE;
				GCC_WARN_UNUSED_FUNCTION = YES;
				GCC_WARN_UNUSED_VARIABLE = YES;
				IPHONEOS_DEPLOYMENT_TARGET = 16.2;
				MTL_ENABLE_DEBUG_INFO = NO;
				MTL_FAST_MATH = YES;
				SDKROOT = iphoneos;
				SWIFT_COMPILATION_MODE = wholemodule;
				SWIFT_OPTIMIZATION_LEVEL = "-O";
				VALIDATE_PRODUCT = YES;
			};
			name = Release;
		};
		BB7E5E84296EDF6900542C26 /* Debug */ = {
			isa = XCBuildConfiguration;
			buildSettings = {
				ASSETCATALOG_COMPILER_APPICON_NAME = AppIcon;
				ASSETCATALOG_COMPILER_GLOBAL_ACCENT_COLOR_NAME = AccentColor;
				CODE_SIGN_STYLE = Automatic;
				CURRENT_PROJECT_VERSION = 1;
				GENERATE_INFOPLIST_FILE = YES;
				INFOPLIST_FILE = "TrendingRepositories/SupportingFiles/TrendingRepositories-Info.plist";
				INFOPLIST_KEY_UIApplicationSupportsIndirectInputEvents = YES;
				INFOPLIST_KEY_UILaunchStoryboardName = LaunchScreen;
				INFOPLIST_KEY_UISupportedInterfaceOrientations_iPad = "UIInterfaceOrientationPortrait UIInterfaceOrientationPortraitUpsideDown UIInterfaceOrientationLandscapeLeft UIInterfaceOrientationLandscapeRight";
				INFOPLIST_KEY_UISupportedInterfaceOrientations_iPhone = "UIInterfaceOrientationPortrait UIInterfaceOrientationLandscapeLeft UIInterfaceOrientationLandscapeRight";
				IPHONEOS_DEPLOYMENT_TARGET = 13.0;
				LD_RUNPATH_SEARCH_PATHS = (
					"$(inherited)",
					"@executable_path/Frameworks",
				);
				MARKETING_VERSION = 1.0;
				PRODUCT_BUNDLE_IDENTIFIER = com.makcakir.TrendingRepositories;
				PRODUCT_NAME = "$(TARGET_NAME)";
				SWIFT_EMIT_LOC_STRINGS = YES;
				SWIFT_VERSION = 5.0;
				TARGETED_DEVICE_FAMILY = "1,2";
			};
			name = Debug;
		};
		BB7E5E85296EDF6900542C26 /* Release */ = {
			isa = XCBuildConfiguration;
			buildSettings = {
				ASSETCATALOG_COMPILER_APPICON_NAME = AppIcon;
				ASSETCATALOG_COMPILER_GLOBAL_ACCENT_COLOR_NAME = AccentColor;
				CODE_SIGN_STYLE = Automatic;
				CURRENT_PROJECT_VERSION = 1;
				GENERATE_INFOPLIST_FILE = YES;
				INFOPLIST_FILE = "TrendingRepositories/SupportingFiles/TrendingRepositories-Info.plist";
				INFOPLIST_KEY_UIApplicationSupportsIndirectInputEvents = YES;
				INFOPLIST_KEY_UILaunchStoryboardName = LaunchScreen;
				INFOPLIST_KEY_UISupportedInterfaceOrientations_iPad = "UIInterfaceOrientationPortrait UIInterfaceOrientationPortraitUpsideDown UIInterfaceOrientationLandscapeLeft UIInterfaceOrientationLandscapeRight";
				INFOPLIST_KEY_UISupportedInterfaceOrientations_iPhone = "UIInterfaceOrientationPortrait UIInterfaceOrientationLandscapeLeft UIInterfaceOrientationLandscapeRight";
				IPHONEOS_DEPLOYMENT_TARGET = 13.0;
				LD_RUNPATH_SEARCH_PATHS = (
					"$(inherited)",
					"@executable_path/Frameworks",
				);
				MARKETING_VERSION = 1.0;
				PRODUCT_BUNDLE_IDENTIFIER = com.makcakir.TrendingRepositories;
				PRODUCT_NAME = "$(TARGET_NAME)";
				SWIFT_EMIT_LOC_STRINGS = YES;
				SWIFT_VERSION = 5.0;
				TARGETED_DEVICE_FAMILY = "1,2";
			};
			name = Release;
		};
		BB7E5E87296EDF6900542C26 /* Debug */ = {
			isa = XCBuildConfiguration;
			buildSettings = {
				ALWAYS_EMBED_SWIFT_STANDARD_LIBRARIES = YES;
				BUNDLE_LOADER = "$(TEST_HOST)";
				CODE_SIGN_STYLE = Automatic;
				CURRENT_PROJECT_VERSION = 1;
				GENERATE_INFOPLIST_FILE = YES;
				IPHONEOS_DEPLOYMENT_TARGET = 16.2;
				MARKETING_VERSION = 1.0;
				PRODUCT_BUNDLE_IDENTIFIER = com.makcakir.TrendingRepositoriesTests;
				PRODUCT_NAME = "$(TARGET_NAME)";
				SWIFT_EMIT_LOC_STRINGS = NO;
				SWIFT_VERSION = 5.0;
				TARGETED_DEVICE_FAMILY = "1,2";
				TEST_HOST = "$(BUILT_PRODUCTS_DIR)/TrendingRepositories.app/$(BUNDLE_EXECUTABLE_FOLDER_PATH)/TrendingRepositories";
			};
			name = Debug;
		};
		BB7E5E88296EDF6900542C26 /* Release */ = {
			isa = XCBuildConfiguration;
			buildSettings = {
				ALWAYS_EMBED_SWIFT_STANDARD_LIBRARIES = YES;
				BUNDLE_LOADER = "$(TEST_HOST)";
				CODE_SIGN_STYLE = Automatic;
				CURRENT_PROJECT_VERSION = 1;
				GENERATE_INFOPLIST_FILE = YES;
				IPHONEOS_DEPLOYMENT_TARGET = 16.2;
				MARKETING_VERSION = 1.0;
				PRODUCT_BUNDLE_IDENTIFIER = com.makcakir.TrendingRepositoriesTests;
				PRODUCT_NAME = "$(TARGET_NAME)";
				SWIFT_EMIT_LOC_STRINGS = NO;
				SWIFT_VERSION = 5.0;
				TARGETED_DEVICE_FAMILY = "1,2";
				TEST_HOST = "$(BUILT_PRODUCTS_DIR)/TrendingRepositories.app/$(BUNDLE_EXECUTABLE_FOLDER_PATH)/TrendingRepositories";
			};
			name = Release;
		};
/* End XCBuildConfiguration section */

/* Begin XCConfigurationList section */
		BB7E5E54296EDF6700542C26 /* Build configuration list for PBXProject "TrendingRepositories" */ = {
			isa = XCConfigurationList;
			buildConfigurations = (
				BB7E5E81296EDF6900542C26 /* Debug */,
				BB7E5E82296EDF6900542C26 /* Release */,
			);
			defaultConfigurationIsVisible = 0;
			defaultConfigurationName = Release;
		};
		BB7E5E83296EDF6900542C26 /* Build configuration list for PBXNativeTarget "TrendingRepositories" */ = {
			isa = XCConfigurationList;
			buildConfigurations = (
				BB7E5E84296EDF6900542C26 /* Debug */,
				BB7E5E85296EDF6900542C26 /* Release */,
			);
			defaultConfigurationIsVisible = 0;
			defaultConfigurationName = Release;
		};
		BB7E5E86296EDF6900542C26 /* Build configuration list for PBXNativeTarget "TrendingRepositoriesTests" */ = {
			isa = XCConfigurationList;
			buildConfigurations = (
				BB7E5E87296EDF6900542C26 /* Debug */,
				BB7E5E88296EDF6900542C26 /* Release */,
			);
			defaultConfigurationIsVisible = 0;
			defaultConfigurationName = Release;
		};
/* End XCConfigurationList section */
	};
	rootObject = BB7E5E51296EDF6700542C26 /* Project object */;
}
